PODS:
  - AFNetworking (2.4.1):
    - AFNetworking/NSURLConnection
    - AFNetworking/NSURLSession
    - AFNetworking/Reachability
    - AFNetworking/Security
    - AFNetworking/Serialization
    - AFNetworking/UIKit
  - AFNetworking/NSURLConnection (2.4.1):
    - AFNetworking/Reachability
    - AFNetworking/Security
    - AFNetworking/Serialization
  - AFNetworking/NSURLSession (2.4.1):
    - AFNetworking/Reachability
    - AFNetworking/Security
    - AFNetworking/Serialization
  - AFNetworking/Reachability (2.4.1)
  - AFNetworking/Security (2.4.1)
  - AFNetworking/Serialization (2.4.1)
  - AFNetworking/UIKit (2.4.1):
    - AFNetworking/NSURLConnection
    - AFNetworking/NSURLSession
  - Bolts (1.1.3)
  - CocoaLumberjack (2.0.0-beta2):
    - CocoaLumberjack/CLI
    - CocoaLumberjack/Core
    - CocoaLumberjack/Extensions
  - CocoaLumberjack/CLI (2.0.0-beta2):
    - CocoaLumberjack/Core
  - CocoaLumberjack/Core (2.0.0-beta2)
  - CocoaLumberjack/Extensions (2.0.0-beta2):
    - CocoaLumberjack/Core
  - GoogleAnalytics-iOS-SDK (3.0.9)
  - HexColors (2.2.1)
  - libextobjc (0.4):
    - libextobjc/EXTADT
    - libextobjc/EXTConcreteProtocol
    - libextobjc/EXTKeyPathCoding
    - libextobjc/EXTNil
    - libextobjc/EXTSafeCategory
    - libextobjc/EXTScope
    - libextobjc/EXTSelectorChecking
    - libextobjc/EXTSynthesize
    - libextobjc/NSInvocation+EXT
    - libextobjc/NSMethodSignature+EXT
    - libextobjc/RuntimeExtensions
    - libextobjc/UmbrellaHeader
  - libextobjc/EXTADT (0.4):
    - libextobjc/RuntimeExtensions
  - libextobjc/EXTConcreteProtocol (0.4):
    - libextobjc/RuntimeExtensions
  - libextobjc/EXTKeyPathCoding (0.4):
    - libextobjc/RuntimeExtensions
  - libextobjc/EXTNil (0.4):
    - libextobjc/RuntimeExtensions
  - libextobjc/EXTSafeCategory (0.4):
    - libextobjc/RuntimeExtensions
  - libextobjc/EXTScope (0.4):
    - libextobjc/RuntimeExtensions
  - libextobjc/EXTSelectorChecking (0.4):
    - libextobjc/RuntimeExtensions
  - libextobjc/EXTSynthesize (0.4):
    - libextobjc/RuntimeExtensions
  - libextobjc/NSInvocation+EXT (0.4):
    - libextobjc/RuntimeExtensions
  - libextobjc/NSMethodSignature+EXT (0.4):
    - libextobjc/RuntimeExtensions
  - libextobjc/RuntimeExtensions (0.4)
  - libextobjc/UmbrellaHeader (0.4)
  - Mantle (1.5.1):
    - Mantle/extobjc
  - Mantle/extobjc (1.5.1)
  - MSWeakTimer (1.1.0)
  - Reveal-iOS-SDK (1.0.6)
  - Shimmer (1.0.1)
  - SSKeychain (1.2.2)
  - SVProgressHUD (1.0)
  - TSMessages (0.9.10):
    - HexColors
  - VTAcknowledgementsViewController (0.12)

DEPENDENCIES:
  - AFNetworking (~> 2.4.1)
  - Bolts (~> 1.1.3)
  - CocoaLumberjack (~> 2.0.0-beta2)
  - GoogleAnalytics-iOS-SDK (~> 3.0.9)
  - libextobjc (~> 0.4.0)
  - Mantle (~> 1.5.1)
  - MSWeakTimer (~> 1.1.0)
  - Reveal-iOS-SDK (~> 1.0.6)
  - Shimmer (~> 1.0.1)
  - SSKeychain (~> 1.2.2)
  - SVProgressHUD (from `git@github.com:TransitApp/SVProgressHUD.git`, commit `9e2a22dee810d7da2b93e795b2d92b1e08a41ea1`)
  - TSMessages (from `git@github.com:toursprung/TSMessages.git`, commit `aec1871ca43062a21c58b74902e4351c68b5b39a`)
  - VTAcknowledgementsViewController (~> 0.12.0)

EXTERNAL SOURCES:
  SVProgressHUD:
    :commit: 9e2a22dee810d7da2b93e795b2d92b1e08a41ea1
    :git: git@github.com:TransitApp/SVProgressHUD.git
  TSMessages:
    :commit: aec1871ca43062a21c58b74902e4351c68b5b39a
    :git: git@github.com:toursprung/TSMessages.git

SPEC CHECKSUMS:
  AFNetworking: 0aabc6fae66d6e5d039eeb21c315843c7aae51ab
  Bolts: 3db0a875235e0c9042b013af13af0f00f79b102c
  CocoaLumberjack: 956d3fb98fed498a13d56499f262c975ef431c98
  GoogleAnalytics-iOS-SDK: d9e198b1f955259a72886769be7377cdfcdb2250
  HexColors: 01384d2bbe8dc4ffa43c3b4135db6e976952d153
  libextobjc: ba42e4111f433273a886cd54f0ddaddb7f62f82f
  Mantle: d7c5ac734579ec751c58fecbf56189853056c58c
  MSWeakTimer: 6bd071c058fd49daa62013e4ae70caf61d0f2dc2
  Reveal-iOS-SDK: 74a39b426dbc915962704ed24f43ee32ae7797f9
  Shimmer: 35aa2a57b8fbc17f9e16706021665966fd93dbd1
  SSKeychain: cc48bd3ad24fcd9125adb9e0d23dd50b8bbd08b9
  SVProgressHUD: 5e10939a296debf5fe5a5895eda9539b8b2114f1
  TSMessages: 0cc47af029e012ae840eba88aa7ede0e868d8773
  VTAcknowledgementsViewController: 5cdab8f3d003680b8fbdfcce90fcab92cee962a6

COCOAPODS: 0.34.4
