// !$*UTF8*$!
{
	archiveVersion = 1;
	classes = {
	};
	objectVersion = 46;
	objects = {

/* Begin PBXBuildFile section */
		A093AA17197D6C5100F21675 /* BABOAuthViewController.m in Sources */ = {isa = PBXBuildFile; fileRef = A093AA16197D6C5100F21675 /* BABOAuthViewController.m */; };
		A093AA1E197D7FFF00F21675 /* NSError+BABError.m in Sources */ = {isa = PBXBuildFile; fileRef = A093AA1D197D7FFF00F21675 /* NSError+BABError.m */; };
		A0A9CC8819801A3300333518 /* info.json in Resources */ = {isa = PBXBuildFile; fileRef = A0A9CC8719801A3300333518 /* info.json */; };
		A0A9CC8A19801B5300333518 /* WebRoot in Resources */ = {isa = PBXBuildFile; fileRef = A0A9CC8919801B5300333518 /* WebRoot */; };
		A0A9CC8D19801BC400333518 /* BABBabelViewController.m in Sources */ = {isa = PBXBuildFile; fileRef = A0A9CC8C19801BC400333518 /* BABBabelViewController.m */; };
		A0A9CC9119801E7E00333518 /* BABLanguage.m in Sources */ = {isa = PBXBuildFile; fileRef = A0A9CC9019801E7E00333518 /* BABLanguage.m */; };
		A0A9CC941980266200333518 /* BABRepository.m in Sources */ = {isa = PBXBuildFile; fileRef = A0A9CC931980266200333518 /* BABRepository.m */; };
		A0A9CC9719802C6200333518 /* BABFile.m in Sources */ = {isa = PBXBuildFile; fileRef = A0A9CC9619802C6200333518 /* BABFile.m */; };
		A0D9B14A197C4B7A00AD7990 /* Foundation.framework in Frameworks */ = {isa = PBXBuildFile; fileRef = A0D9B149197C4B7A00AD7990 /* Foundation.framework */; };
		A0D9B14C197C4B7A00AD7990 /* CoreGraphics.framework in Frameworks */ = {isa = PBXBuildFile; fileRef = A0D9B14B197C4B7A00AD7990 /* CoreGraphics.framework */; };
		A0D9B14E197C4B7A00AD7990 /* UIKit.framework in Frameworks */ = {isa = PBXBuildFile; fileRef = A0D9B14D197C4B7A00AD7990 /* UIKit.framework */; };
		A0D9B162197C4B7A00AD7990 /* Images.xcassets in Resources */ = {isa = PBXBuildFile; fileRef = A0D9B161197C4B7A00AD7990 /* Images.xcassets */; };
		A0D9B186197C4BE300AD7990 /* main.m in Sources */ = {isa = PBXBuildFile; fileRef = A0D9B183197C4BE300AD7990 /* main.m */; };
		A0D9B187197C4BEC00AD7990 /* InfoPlist.strings in Resources */ = {isa = PBXBuildFile; fileRef = A0D9B189197C4BEC00AD7990 /* InfoPlist.strings */; };
		A0D9B18C197C4C0E00AD7990 /* Main.storyboard in Resources */ = {isa = PBXBuildFile; fileRef = A0D9B18E197C4C0E00AD7990 /* Main.storyboard */; };
		A0D9B191197C4C1600AD7990 /* BABAppDelegate.m in Sources */ = {isa = PBXBuildFile; fileRef = A0D9B190197C4C1600AD7990 /* BABAppDelegate.m */; };
		A0D9B195197C4DA900AD7990 /* BABMenuViewController.m in Sources */ = {isa = PBXBuildFile; fileRef = A0D9B194197C4DA900AD7990 /* BABMenuViewController.m */; };
		CA1D4F7A641D4E668F17AD43 /* libPods-Babel.a in Frameworks */ = {isa = PBXBuildFile; fileRef = 0AD224A7F9CE4296BC149BF0 /* libPods-Babel.a */; };
/* End PBXBuildFile section */

/* Begin PBXFileReference section */
		0AD224A7F9CE4296BC149BF0 /* libPods-Babel.a */ = {isa = PBXFileReference; explicitFileType = archive.ar; includeInIndex = 0; path = "libPods-Babel.a"; sourceTree = BUILT_PRODUCTS_DIR; };
		A093AA15197D6C5100F21675 /* BABOAuthViewController.h */ = {isa = PBXFileReference; fileEncoding = 4; lastKnownFileType = sourcecode.c.h; name = BABOAuthViewController.h; path = Controllers/BABOAuthViewController.h; sourceTree = "<group>"; };
		A093AA16197D6C5100F21675 /* BABOAuthViewController.m */ = {isa = PBXFileReference; fileEncoding = 4; lastKnownFileType = sourcecode.c.objc; name = BABOAuthViewController.m; path = Controllers/BABOAuthViewController.m; sourceTree = "<group>"; };
		A093AA1C197D7FFF00F21675 /* NSError+BABError.h */ = {isa = PBXFileReference; fileEncoding = 4; lastKnownFileType = sourcecode.c.h; name = "NSError+BABError.h"; path = "Extensions/NSError+BABError.h"; sourceTree = "<group>"; };
		A093AA1D197D7FFF00F21675 /* NSError+BABError.m */ = {isa = PBXFileReference; fileEncoding = 4; lastKnownFileType = sourcecode.c.objc; name = "NSError+BABError.m"; path = "Extensions/NSError+BABError.m"; sourceTree = "<group>"; };
		A0A9CC8719801A3300333518 /* info.json */ = {isa = PBXFileReference; fileEncoding = 4; lastKnownFileType = text.json; path = info.json; sourceTree = "<group>"; };
		A0A9CC8919801B5300333518 /* WebRoot */ = {isa = PBXFileReference; lastKnownFileType = folder; path = WebRoot; sourceTree = "<group>"; };
		A0A9CC8B19801BC400333518 /* BABBabelViewController.h */ = {isa = PBXFileReference; fileEncoding = 4; lastKnownFileType = sourcecode.c.h; name = BABBabelViewController.h; path = Controllers/BABBabelViewController.h; sourceTree = "<group>"; };
		A0A9CC8C19801BC400333518 /* BABBabelViewController.m */ = {isa = PBXFileReference; fileEncoding = 4; lastKnownFileType = sourcecode.c.objc; name = BABBabelViewController.m; path = Controllers/BABBabelViewController.m; sourceTree = "<group>"; };
		A0A9CC8F19801E7E00333518 /* BABLanguage.h */ = {isa = PBXFileReference; fileEncoding = 4; lastKnownFileType = sourcecode.c.h; name = BABLanguage.h; path = Models/BABLanguage.h; sourceTree = "<group>"; };
		A0A9CC9019801E7E00333518 /* BABLanguage.m */ = {isa = PBXFileReference; fileEncoding = 4; lastKnownFileType = sourcecode.c.objc; name = BABLanguage.m; path = Models/BABLanguage.m; sourceTree = "<group>"; };
		A0A9CC921980266200333518 /* BABRepository.h */ = {isa = PBXFileReference; fileEncoding = 4; lastKnownFileType = sourcecode.c.h; name = BABRepository.h; path = Models/BABRepository.h; sourceTree = "<group>"; };
		A0A9CC931980266200333518 /* BABRepository.m */ = {isa = PBXFileReference; fileEncoding = 4; lastKnownFileType = sourcecode.c.objc; name = BABRepository.m; path = Models/BABRepository.m; sourceTree = "<group>"; };
		A0A9CC9519802C6200333518 /* BABFile.h */ = {isa = PBXFileReference; fileEncoding = 4; lastKnownFileType = sourcecode.c.h; name = BABFile.h; path = Models/BABFile.h; sourceTree = "<group>"; };
		A0A9CC9619802C6200333518 /* BABFile.m */ = {isa = PBXFileReference; fileEncoding = 4; lastKnownFileType = sourcecode.c.objc; name = BABFile.m; path = Models/BABFile.m; sourceTree = "<group>"; };
		A0A9CC981980315300333518 /* Definitions.h */ = {isa = PBXFileReference; lastKnownFileType = sourcecode.c.h; name = Definitions.h; path = Supporting/Definitions.h; sourceTree = "<group>"; };
		A0D9B146197C4B7A00AD7990 /* Babel.app */ = {isa = PBXFileReference; explicitFileType = wrapper.application; includeInIndex = 0; path = Babel.app; sourceTree = BUILT_PRODUCTS_DIR; };
		A0D9B149197C4B7A00AD7990 /* Foundation.framework */ = {isa = PBXFileReference; lastKnownFileType = wrapper.framework; name = Foundation.framework; path = System/Library/Frameworks/Foundation.framework; sourceTree = SDKROOT; };
		A0D9B14B197C4B7A00AD7990 /* CoreGraphics.framework */ = {isa = PBXFileReference; lastKnownFileType = wrapper.framework; name = CoreGraphics.framework; path = System/Library/Frameworks/CoreGraphics.framework; sourceTree = SDKROOT; };
		A0D9B14D197C4B7A00AD7990 /* UIKit.framework */ = {isa = PBXFileReference; lastKnownFileType = wrapper.framework; name = UIKit.framework; path = System/Library/Frameworks/UIKit.framework; sourceTree = SDKROOT; };
		A0D9B161197C4B7A00AD7990 /* Images.xcassets */ = {isa = PBXFileReference; lastKnownFileType = folder.assetcatalog; path = Images.xcassets; sourceTree = "<group>"; };
		A0D9B168197C4B7A00AD7990 /* XCTest.framework */ = {isa = PBXFileReference; lastKnownFileType = wrapper.framework; name = XCTest.framework; path = Library/Frameworks/XCTest.framework; sourceTree = DEVELOPER_DIR; };
		A0D9B180197C4BE300AD7990 /* Babel-Info.plist */ = {isa = PBXFileReference; fileEncoding = 4; lastKnownFileType = text.plist.xml; name = "Babel-Info.plist"; path = "Supporting/Babel-Info.plist"; sourceTree = "<group>"; };
		A0D9B181197C4BE300AD7990 /* Babel-Prefix.pch */ = {isa = PBXFileReference; fileEncoding = 4; lastKnownFileType = sourcecode.c.h; name = "Babel-Prefix.pch"; path = "Supporting/Babel-Prefix.pch"; sourceTree = "<group>"; };
		A0D9B183197C4BE300AD7990 /* main.m */ = {isa = PBXFileReference; fileEncoding = 4; lastKnownFileType = sourcecode.c.objc; name = main.m; path = Supporting/main.m; sourceTree = "<group>"; };
		A0D9B188197C4BEC00AD7990 /* en */ = {isa = PBXFileReference; lastKnownFileType = text.plist.strings; name = en; path = en.lproj/InfoPlist.strings; sourceTree = "<group>"; };
		A0D9B18D197C4C0E00AD7990 /* en */ = {isa = PBXFileReference; lastKnownFileType = file.storyboard; name = en; path = en.lproj/Main.storyboard; sourceTree = "<group>"; };
		A0D9B18F197C4C1600AD7990 /* BABAppDelegate.h */ = {isa = PBXFileReference; fileEncoding = 4; lastKnownFileType = sourcecode.c.h; name = BABAppDelegate.h; path = Application/BABAppDelegate.h; sourceTree = "<group>"; };
		A0D9B190197C4C1600AD7990 /* BABAppDelegate.m */ = {isa = PBXFileReference; fileEncoding = 4; lastKnownFileType = sourcecode.c.objc; name = BABAppDelegate.m; path = Application/BABAppDelegate.m; sourceTree = "<group>"; };
		A0D9B193197C4DA900AD7990 /* BABMenuViewController.h */ = {isa = PBXFileReference; fileEncoding = 4; lastKnownFileType = sourcecode.c.h; name = BABMenuViewController.h; path = Controllers/BABMenuViewController.h; sourceTree = "<group>"; };
		A0D9B194197C4DA900AD7990 /* BABMenuViewController.m */ = {isa = PBXFileReference; fileEncoding = 4; lastKnownFileType = sourcecode.c.objc; name = BABMenuViewController.m; path = Controllers/BABMenuViewController.m; sourceTree = "<group>"; };
		E8F077ECE7EF454391650157 /* Pods-Babel.xcconfig */ = {isa = PBXFileReference; includeInIndex = 1; lastKnownFileType = text.xcconfig; name = "Pods-Babel.xcconfig"; path = "Pods/Pods-Babel.xcconfig"; sourceTree = "<group>"; };
/* End PBXFileReference section */

/* Begin PBXFrameworksBuildPhase section */
		A0D9B143197C4B7A00AD7990 /* Frameworks */ = {
			isa = PBXFrameworksBuildPhase;
			buildActionMask = 2147483647;
			files = (
				A0D9B14C197C4B7A00AD7990 /* CoreGraphics.framework in Frameworks */,
				A0D9B14E197C4B7A00AD7990 /* UIKit.framework in Frameworks */,
				A0D9B14A197C4B7A00AD7990 /* Foundation.framework in Frameworks */,
				CA1D4F7A641D4E668F17AD43 /* libPods-Babel.a in Frameworks */,
			);
			runOnlyForDeploymentPostprocessing = 0;
		};
/* End PBXFrameworksBuildPhase section */

/* Begin PBXGroup section */
		A093AA1B197D7FB200F21675 /* Extensions */ = {
			isa = PBXGroup;
			children = (
				A093AA1C197D7FFF00F21675 /* NSError+BABError.h */,
				A093AA1D197D7FFF00F21675 /* NSError+BABError.m */,
			);
			name = Extensions;
			sourceTree = "<group>";
		};
		A0A9CC8E19801E3F00333518 /* Models */ = {
			isa = PBXGroup;
			children = (
				A0A9CC8F19801E7E00333518 /* BABLanguage.h */,
				A0A9CC9019801E7E00333518 /* BABLanguage.m */,
				A0A9CC921980266200333518 /* BABRepository.h */,
				A0A9CC931980266200333518 /* BABRepository.m */,
				A0A9CC9519802C6200333518 /* BABFile.h */,
				A0A9CC9619802C6200333518 /* BABFile.m */,
			);
			name = Models;
			sourceTree = "<group>";
		};
		A0D9B13D197C4B7A00AD7990 = {
			isa = PBXGroup;
			children = (
				A0D9B14F197C4B7A00AD7990 /* Babel */,
				A0D9B148197C4B7A00AD7990 /* Frameworks */,
				A0D9B147197C4B7A00AD7990 /* Products */,
				E8F077ECE7EF454391650157 /* Pods-Babel.xcconfig */,
			);
			sourceTree = "<group>";
		};
		A0D9B147197C4B7A00AD7990 /* Products */ = {
			isa = PBXGroup;
			children = (
				A0D9B146197C4B7A00AD7990 /* Babel.app */,
			);
			name = Products;
			sourceTree = "<group>";
		};
		A0D9B148197C4B7A00AD7990 /* Frameworks */ = {
			isa = PBXGroup;
			children = (
				A0D9B149197C4B7A00AD7990 /* Foundation.framework */,
				A0D9B14B197C4B7A00AD7990 /* CoreGraphics.framework */,
				A0D9B14D197C4B7A00AD7990 /* UIKit.framework */,
				A0D9B168197C4B7A00AD7990 /* XCTest.framework */,
				0AD224A7F9CE4296BC149BF0 /* libPods-Babel.a */,
			);
			name = Frameworks;
			sourceTree = "<group>";
		};
		A0D9B14F197C4B7A00AD7990 /* Babel */ = {
			isa = PBXGroup;
			children = (
				A0D9B17F197C4B8D00AD7990 /* Application */,
				A0D9B192197C4D6200AD7990 /* Controllers */,
				A093AA1B197D7FB200F21675 /* Extensions */,
				A0D9B161197C4B7A00AD7990 /* Images.xcassets */,
				A0A9CC8E19801E3F00333518 /* Models */,
				A0D9B150197C4B7A00AD7990 /* Supporting */,
				A0D9B17E197C4B8800AD7990 /* Views */,
			);
			path = Babel;
			sourceTree = "<group>";
		};
		A0D9B150197C4B7A00AD7990 /* Supporting */ = {
			isa = PBXGroup;
			children = (
				A0A9CC8919801B5300333518 /* WebRoot */,
				A0A9CC8719801A3300333518 /* info.json */,
				A0D9B180197C4BE300AD7990 /* Babel-Info.plist */,
				A0D9B181197C4BE300AD7990 /* Babel-Prefix.pch */,
				A0D9B189197C4BEC00AD7990 /* InfoPlist.strings */,
				A0D9B183197C4BE300AD7990 /* main.m */,
				A0A9CC981980315300333518 /* Definitions.h */,
			);
			name = Supporting;
			sourceTree = "<group>";
		};
		A0D9B17E197C4B8800AD7990 /* Views */ = {
			isa = PBXGroup;
			children = (
				A0D9B18E197C4C0E00AD7990 /* Main.storyboard */,
			);
			name = Views;
			sourceTree = "<group>";
		};
		A0D9B17F197C4B8D00AD7990 /* Application */ = {
			isa = PBXGroup;
			children = (
				A0D9B18F197C4C1600AD7990 /* BABAppDelegate.h */,
				A0D9B190197C4C1600AD7990 /* BABAppDelegate.m */,
			);
			name = Application;
			sourceTree = "<group>";
		};
		A0D9B192197C4D6200AD7990 /* Controllers */ = {
			isa = PBXGroup;
			children = (
				A0D9B193197C4DA900AD7990 /* BABMenuViewController.h */,
				A0D9B194197C4DA900AD7990 /* BABMenuViewController.m */,
				A093AA15197D6C5100F21675 /* BABOAuthViewController.h */,
				A093AA16197D6C5100F21675 /* BABOAuthViewController.m */,
				A0A9CC8B19801BC400333518 /* BABBabelViewController.h */,
				A0A9CC8C19801BC400333518 /* BABBabelViewController.m */,
			);
			name = Controllers;
			sourceTree = "<group>";
		};
/* End PBXGroup section */

/* Begin PBXNativeTarget section */
		A0D9B145197C4B7A00AD7990 /* Babel */ = {
			isa = PBXNativeTarget;
			buildConfigurationList = A0D9B178197C4B7A00AD7990 /* Build configuration list for PBXNativeTarget "Babel" */;
			buildPhases = (
				E9B27289B902492980EF33B9 /* Check Pods Manifest.lock */,
				A0D9B142197C4B7A00AD7990 /* Sources */,
				A0D9B143197C4B7A00AD7990 /* Frameworks */,
				A0D9B144197C4B7A00AD7990 /* Resources */,
				C006F03B9F1040BFAF9A30E1 /* Copy Pods Resources */,
			);
			buildRules = (
			);
			dependencies = (
			);
			name = Babel;
			productName = Babel;
			productReference = A0D9B146197C4B7A00AD7990 /* Babel.app */;
			productType = "com.apple.product-type.application";
		};
/* End PBXNativeTarget section */

/* Begin PBXProject section */
		A0D9B13E197C4B7A00AD7990 /* Project object */ = {
			isa = PBXProject;
			attributes = {
				CLASSPREFIX = BAB;
				LastUpgradeCheck = 0510;
				ORGANIZATIONNAME = "Renzo Crisóstomo";
			};
			buildConfigurationList = A0D9B141197C4B7A00AD7990 /* Build configuration list for PBXProject "Babel" */;
			compatibilityVersion = "Xcode 3.2";
			developmentRegion = English;
			hasScannedForEncodings = 0;
			knownRegions = (
				en,
				Base,
			);
			mainGroup = A0D9B13D197C4B7A00AD7990;
			productRefGroup = A0D9B147197C4B7A00AD7990 /* Products */;
			projectDirPath = "";
			projectRoot = "";
			targets = (
				A0D9B145197C4B7A00AD7990 /* Babel */,
			);
		};
/* End PBXProject section */

/* Begin PBXResourcesBuildPhase section */
		A0D9B144197C4B7A00AD7990 /* Resources */ = {
			isa = PBXResourcesBuildPhase;
			buildActionMask = 2147483647;
			files = (
				A0D9B187197C4BEC00AD7990 /* InfoPlist.strings in Resources */,
				A0A9CC8819801A3300333518 /* info.json in Resources */,
				A0D9B162197C4B7A00AD7990 /* Images.xcassets in Resources */,
				A0D9B18C197C4C0E00AD7990 /* Main.storyboard in Resources */,
				A0A9CC8A19801B5300333518 /* WebRoot in Resources */,
			);
			runOnlyForDeploymentPostprocessing = 0;
		};
/* End PBXResourcesBuildPhase section */

/* Begin PBXShellScriptBuildPhase section */
		C006F03B9F1040BFAF9A30E1 /* Copy Pods Resources */ = {
			isa = PBXShellScriptBuildPhase;
			buildActionMask = 2147483647;
			files = (
			);
			inputPaths = (
			);
			name = "Copy Pods Resources";
			outputPaths = (
			);
			runOnlyForDeploymentPostprocessing = 0;
			shellPath = /bin/sh;
			shellScript = "\"${SRCROOT}/Pods/Pods-Babel-resources.sh\"\n";
			showEnvVarsInLog = 0;
		};
		E9B27289B902492980EF33B9 /* Check Pods Manifest.lock */ = {
			isa = PBXShellScriptBuildPhase;
			buildActionMask = 2147483647;
			files = (
			);
			inputPaths = (
			);
			name = "Check Pods Manifest.lock";
			outputPaths = (
			);
			runOnlyForDeploymentPostprocessing = 0;
			shellPath = /bin/sh;
			shellScript = "diff \"${PODS_ROOT}/../Podfile.lock\" \"${PODS_ROOT}/Manifest.lock\" > /dev/null\nif [[ $? != 0 ]] ; then\n    cat << EOM\nerror: The sandbox is not in sync with the Podfile.lock. Run 'pod install' or update your CocoaPods installation.\nEOM\n    exit 1\nfi\n";
			showEnvVarsInLog = 0;
		};
/* End PBXShellScriptBuildPhase section */

/* Begin PBXSourcesBuildPhase section */
		A0D9B142197C4B7A00AD7990 /* Sources */ = {
			isa = PBXSourcesBuildPhase;
			buildActionMask = 2147483647;
			files = (
				A093AA17197D6C5100F21675 /* BABOAuthViewController.m in Sources */,
				A0D9B195197C4DA900AD7990 /* BABMenuViewController.m in Sources */,
				A0A9CC9119801E7E00333518 /* BABLanguage.m in Sources */,
				A0D9B191197C4C1600AD7990 /* BABAppDelegate.m in Sources */,
				A0D9B186197C4BE300AD7990 /* main.m in Sources */,
				A0A9CC9719802C6200333518 /* BABFile.m in Sources */,
				A093AA1E197D7FFF00F21675 /* NSError+BABError.m in Sources */,
				A0A9CC8D19801BC400333518 /* BABBabelViewController.m in Sources */,
				A0A9CC941980266200333518 /* BABRepository.m in Sources */,
			);
			runOnlyForDeploymentPostprocessing = 0;
		};
/* End PBXSourcesBuildPhase section */

/* Begin PBXVariantGroup section */
		A0D9B189197C4BEC00AD7990 /* InfoPlist.strings */ = {
			isa = PBXVariantGroup;
			children = (
				A0D9B188197C4BEC00AD7990 /* en */,
			);
			name = InfoPlist.strings;
			path = Supporting;
			sourceTree = "<group>";
		};
		A0D9B18E197C4C0E00AD7990 /* Main.storyboard */ = {
			isa = PBXVariantGroup;
			children = (
				A0D9B18D197C4C0E00AD7990 /* en */,
			);
			name = Main.storyboard;
			path = Views;
			sourceTree = "<group>";
		};
/* End PBXVariantGroup section */

/* Begin XCBuildConfiguration section */
		A0D9B176197C4B7A00AD7990 /* Debug */ = {
			isa = XCBuildConfiguration;
			buildSettings = {
				ALWAYS_SEARCH_USER_PATHS = NO;
				CLANG_CXX_LANGUAGE_STANDARD = "gnu++0x";
				CLANG_CXX_LIBRARY = "libc++";
				CLANG_ENABLE_MODULES = YES;
				CLANG_ENABLE_OBJC_ARC = YES;
				CLANG_WARN_BOOL_CONVERSION = YES;
				CLANG_WARN_CONSTANT_CONVERSION = YES;
				CLANG_WARN_DIRECT_OBJC_ISA_USAGE = YES_ERROR;
				CLANG_WARN_EMPTY_BODY = YES;
				CLANG_WARN_ENUM_CONVERSION = YES;
				CLANG_WARN_INT_CONVERSION = YES;
				CLANG_WARN_OBJC_ROOT_CLASS = YES_ERROR;
				CLANG_WARN__DUPLICATE_METHOD_MATCH = YES;
				"CODE_SIGN_IDENTITY[sdk=iphoneos*]" = "iPhone Developer";
				COPY_PHASE_STRIP = NO;
				GCC_C_LANGUAGE_STANDARD = gnu99;
				GCC_DYNAMIC_NO_PIC = NO;
				GCC_OPTIMIZATION_LEVEL = 0;
				GCC_PREPROCESSOR_DEFINITIONS = (
					"DEBUG=1",
					"$(inherited)",
				);
				GCC_SYMBOLS_PRIVATE_EXTERN = NO;
				GCC_WARN_64_TO_32_BIT_CONVERSION = YES;
				GCC_WARN_ABOUT_RETURN_TYPE = YES_ERROR;
				GCC_WARN_UNDECLARED_SELECTOR = YES;
				GCC_WARN_UNINITIALIZED_AUTOS = YES_AGGRESSIVE;
				GCC_WARN_UNUSED_FUNCTION = YES;
				GCC_WARN_UNUSED_VARIABLE = YES;
				IPHONEOS_DEPLOYMENT_TARGET = 7.0;
				ONLY_ACTIVE_ARCH = YES;
				SDKROOT = iphoneos;
			};
			name = Debug;
		};
		A0D9B177197C4B7A00AD7990 /* Release */ = {
			isa = XCBuildConfiguration;
			buildSettings = {
				ALWAYS_SEARCH_USER_PATHS = NO;
				CLANG_CXX_LANGUAGE_STANDARD = "gnu++0x";
				CLANG_CXX_LIBRARY = "libc++";
				CLANG_ENABLE_MODULES = YES;
				CLANG_ENABLE_OBJC_ARC = YES;
				CLANG_WARN_BOOL_CONVERSION = YES;
				CLANG_WARN_CONSTANT_CONVERSION = YES;
				CLANG_WARN_DIRECT_OBJC_ISA_USAGE = YES_ERROR;
				CLANG_WARN_EMPTY_BODY = YES;
				CLANG_WARN_ENUM_CONVERSION = YES;
				CLANG_WARN_INT_CONVERSION = YES;
				CLANG_WARN_OBJC_ROOT_CLASS = YES_ERROR;
				CLANG_WARN__DUPLICATE_METHOD_MATCH = YES;
				"CODE_SIGN_IDENTITY[sdk=iphoneos*]" = "iPhone Developer";
				COPY_PHASE_STRIP = YES;
				ENABLE_NS_ASSERTIONS = NO;
				GCC_C_LANGUAGE_STANDARD = gnu99;
				GCC_WARN_64_TO_32_BIT_CONVERSION = YES;
				GCC_WARN_ABOUT_RETURN_TYPE = YES_ERROR;
				GCC_WARN_UNDECLARED_SELECTOR = YES;
				GCC_WARN_UNINITIALIZED_AUTOS = YES_AGGRESSIVE;
				GCC_WARN_UNUSED_FUNCTION = YES;
				GCC_WARN_UNUSED_VARIABLE = YES;
				IPHONEOS_DEPLOYMENT_TARGET = 7.0;
				SDKROOT = iphoneos;
				VALIDATE_PRODUCT = YES;
			};
			name = Release;
		};
		A0D9B179197C4B7A00AD7990 /* Debug */ = {
			isa = XCBuildConfiguration;
			baseConfigurationReference = E8F077ECE7EF454391650157 /* Pods-Babel.xcconfig */;
			buildSettings = {
				ASSETCATALOG_COMPILER_APPICON_NAME = AppIcon;
				ASSETCATALOG_COMPILER_LAUNCHIMAGE_NAME = LaunchImage;
				GCC_PRECOMPILE_PREFIX_HEADER = YES;
				GCC_PREFIX_HEADER = "Babel/Supporting/Babel-Prefix.pch";
				INFOPLIST_FILE = "$(SRCROOT)/Babel/Supporting/Babel-Info.plist";
				PRODUCT_NAME = "$(TARGET_NAME)";
				WRAPPER_EXTENSION = app;
			};
			name = Debug;
		};
		A0D9B17A197C4B7A00AD7990 /* Release */ = {
			isa = XCBuildConfiguration;
			baseConfigurationReference = E8F077ECE7EF454391650157 /* Pods-Babel.xcconfig */;
			buildSettings = {
				ASSETCATALOG_COMPILER_APPICON_NAME = AppIcon;
				ASSETCATALOG_COMPILER_LAUNCHIMAGE_NAME = LaunchImage;
				GCC_PRECOMPILE_PREFIX_HEADER = YES;
				GCC_PREFIX_HEADER = "Babel/Supporting/Babel-Prefix.pch";
				INFOPLIST_FILE = "$(SRCROOT)/Babel/Supporting/Babel-Info.plist";
				PRODUCT_NAME = "$(TARGET_NAME)";
				WRAPPER_EXTENSION = app;
			};
			name = Release;
		};
/* End XCBuildConfiguration section */

/* Begin XCConfigurationList section */
		A0D9B141197C4B7A00AD7990 /* Build configuration list for PBXProject "Babel" */ = {
			isa = XCConfigurationList;
			buildConfigurations = (
				A0D9B176197C4B7A00AD7990 /* Debug */,
				A0D9B177197C4B7A00AD7990 /* Release */,
			);
			defaultConfigurationIsVisible = 0;
			defaultConfigurationName = Release;
		};
		A0D9B178197C4B7A00AD7990 /* Build configuration list for PBXNativeTarget "Babel" */ = {
			isa = XCConfigurationList;
			buildConfigurations = (
				A0D9B179197C4B7A00AD7990 /* Debug */,
				A0D9B17A197C4B7A00AD7990 /* Release */,
			);
			defaultConfigurationIsVisible = 0;
			defaultConfigurationName = Release;
		};
/* End XCConfigurationList section */
	};
	rootObject = A0D9B13E197C4B7A00AD7990 /* Project object */;
}
